# This file is generated by running "yarn install" inside your project.
# Manual changes might be lost - proceed with caution!

__metadata:
  version: 6

"online-cinema-server@workspace:.":
  version: 0.0.0-use.local
  resolution: "online-cinema-server@workspace:."
  languageName: unknown
  linkType: soft
